
Microsoft Visual Studio Solution File, Format Version 12.00
# Visual Studio Version 17
VisualStudioVersion = 17.8.34511.84
MinimumVisualStudioVersion = 10.0.40219.1
Project("{9A19103F-16F7-4668-BE54-9A1E7A4F7556}") = "PatientProject.Web", "PatientProject.Web\PatientProject.Web.csproj", "{D86877EC-D344-4662-B1E1-DEEC9E4509CA}"
EndProject
Project("{9A19103F-16F7-4668-BE54-9A1E7A4F7556}") = "PatientProject.Core", "PatientProject.Core\PatientProject.Core.csproj", "{E087C23C-0F51-4BCA-853A-B3DD97875E72}"
EndProject
Project("{9A19103F-16F7-4668-BE54-9A1E7A4F7556}") = "PatientProject.Infrastructure", "PatientProject.Infrastructure\PatientProject.Infrastructure.csproj", "{CCB776FC-FF48-415B-8C55-3B5E53F1F52F}"
EndProject
Project("{2150E333-8FDC-42A3-9474-1A3956D46DE8}") = "Solution Items", "Solution Items", "{FA4A4DFF-F576-475F-BF12-89695A402F4C}"
	ProjectSection(SolutionItems) = preProject
		docker-compose.yml = docker-compose.yml
	EndProjectSection
EndProject
Global
	GlobalSection(SolutionConfigurationPlatforms) = preSolution
		Debug|Any CPU = Debug|Any CPU
		Release|Any CPU = Release|Any CPU
	EndGlobalSection
	GlobalSection(ProjectConfigurationPlatforms) = postSolution
		{D86877EC-D344-4662-B1E1-DEEC9E4509CA}.Debug|Any CPU.ActiveCfg = Debug|Any CPU
		{D86877EC-D344-4662-B1E1-DEEC9E4509CA}.Debug|Any CPU.Build.0 = Debug|Any CPU
		{D86877EC-D344-4662-B1E1-DEEC9E4509CA}.Release|Any CPU.ActiveCfg = Release|Any CPU
		{D86877EC-D344-4662-B1E1-DEEC9E4509CA}.Release|Any CPU.Build.0 = Release|Any CPU
		{E087C23C-0F51-4BCA-853A-B3DD97875E72}.Debug|Any CPU.ActiveCfg = Debug|Any CPU
		{E087C23C-0F51-4BCA-853A-B3DD97875E72}.Debug|Any CPU.Build.0 = Debug|Any CPU
		{E087C23C-0F51-4BCA-853A-B3DD97875E72}.Release|Any CPU.ActiveCfg = Release|Any CPU
		{E087C23C-0F51-4BCA-853A-B3DD97875E72}.Release|Any CPU.Build.0 = Release|Any CPU
		{CCB776FC-FF48-415B-8C55-3B5E53F1F52F}.Debug|Any CPU.ActiveCfg = Debug|Any CPU
		{CCB776FC-FF48-415B-8C55-3B5E53F1F52F}.Debug|Any CPU.Build.0 = Debug|Any CPU
		{CCB776FC-FF48-415B-8C55-3B5E53F1F52F}.Release|Any CPU.ActiveCfg = Release|Any CPU
		{CCB776FC-FF48-415B-8C55-3B5E53F1F52F}.Release|Any CPU.Build.0 = Release|Any CPU
	EndGlobalSection
	GlobalSection(SolutionProperties) = preSolution
		HideSolutionNode = FALSE
	EndGlobalSection
EndGlobal
